version = 1
revision = 3
requires-python = ">=3.14"

[[package]]
name = "anyio"
version = "4.13.0"
source = { registry = "https://pypi.org/simple" }
dependencies = [
    { name = "idna" },
]
sdist = { url = "https://files.pythonhosted.org/packages/19/14/2c5dd9f512b66549ae92767a9c7b330ae88e1932ca57876909410251fe13/anyio-4.13.0.tar.gz", hash = "sha256:334b70e641fd2221c1505b3890c69882fe4a2df910cba14d97019b90b24439dc", size = 231622, upload-time = "2026-03-24T12:59:09.671Z" }
wheels = [
    { url = "https://files.pythonhosted.org/packages/da/42/e921fccf5015463e32a3cf6ee7f980a6ed0f395ceeaa45060b61d86486c2/anyio-4.13.0-py3-none-any.whl", hash = "sha256:08b310f9e24a9594186fd75b4f73f4a4152069e3853f1ed8bfbf58369f4ad708", size = 114353, upload-time = "2026-03-24T12:59:08.246Z" },
]

[[package]]
name = "eyes-timer"
version = "0.1.0"
source = { virtual = "." }
dependencies = [
    { name = "rich" },
    { name = "rumps" },
]

[package.dev-dependencies]
dev = [
    { name = "watchfiles" },
]

[package.metadata]
requires-dist = [
    { name = "rich", specifier = ">=15.0.0" },
    { name = "rumps", specifier = ">=0.4.0" },
]

[package.metadata.requires-dev]
dev = [{ name = "watchfiles", specifier = ">=1.2.0" }]

[[package]]
name = "idna"
version = "3.16"
source = { registry = "https://pypi.org/simple" }
sdist = { url = "https://files.pythonhosted.org/packages/1a/88/bcf9709822fe69d02c2a6a77956c98ce6ea8ca8767a9aadcedc7eb6a2390/idna-3.16.tar.gz", hash = "sha256:d7a6da03db833450fca25d2358ac9ff06cd624577a4aea3a596d5c0f77b8e03d", size = 203770, upload-time = "2026-05-22T00:16:18.781Z" }
wheels = [
    { url = "https://files.pythonhosted.org/packages/94/16/70255075a9859a0e3adb789b68ceb0e210dec03934245fd98d248226572f/idna-3.16-py3-none-any.whl", hash = "sha256:cc246e3a3f89580c3a951b5ad298ca4638078b2cdd4f115654332b5c26daded5", size = 74165, upload-time = "2026-05-22T00:16:16.698Z" },
]

[[package]]
name = "markdown-it-py"
version = "4.2.0"
source = { registry = "https://pypi.org/simple" }
dependencies = [
    { name = "mdurl" },
]
sdist = { url = "https://files.pythonhosted.org/packages/06/ff/7841249c247aa650a76b9ee4bbaeae59370dc8bfd2f6c01f3630c35eb134/markdown_it_py-4.2.0.tar.gz", hash = "sha256:04a21681d6fbb623de53f6f364d352309d4094dd4194040a10fd51833e418d49", size = 82454, upload-time = "2026-05-07T12:08:28.36Z" }
wheels = [
    { url = "https://files.pythonhosted.org/packages/b3/81/4da04ced5a082363ecfa159c010d200ecbd959ae410c10c0264a38cac0f5/markdown_it_py-4.2.0-py3-none-any.whl", hash = "sha256:9f7ebbcd14fe59494226453aed97c1070d83f8d24b6fc3a3bcf9a38092641c4a", size = 91687, upload-time = "2026-05-07T12:08:27.182Z" },
]

[[package]]
name = "mdurl"
version = "0.1.2"
source = { registry = "https://pypi.org/simple" }
sdist = { url = "https://files.pythonhosted.org/packages/d6/54/cfe61301667036ec958cb99bd3efefba235e65cdeb9c84d24a8293ba1d90/mdurl-0.1.2.tar.gz", hash = "sha256:bb413d29f5eea38f31dd4754dd7377d4465116fb207585f97bf925588687c1ba", size = 8729, upload-time = "2022-08-14T12:40:10.846Z" }
wheels = [
    { url = "https://files.pythonhosted.org/packages/b3/38/89ba8ad64ae25be8de66a6d463314cf1eb366222074cfda9ee839c56a4b4/mdurl-0.1.2-py3-none-any.whl", hash = "sha256:84008a41e51615a49fc9966191ff91509e3c40b939176e643fd50a5c2196b8f8", size = 9979, upload-time = "2022-08-14T12:40:09.779Z" },
]

[[package]]
name = "pygments"
version = "2.20.0"
source = { registry = "https://pypi.org/simple" }
sdist = { url = "https://files.pythonhosted.org/packages/c3/b2/bc9c9196916376152d655522fdcebac55e66de6603a76a02bca1b6414f6c/pygments-2.20.0.tar.gz", hash = "sha256:6757cd03768053ff99f3039c1a36d6c0aa0b263438fcab17520b30a303a82b5f", size = 4955991, upload-time = "2026-03-29T13:29:33.898Z" }
wheels = [
    { url = "https://files.pythonhosted.org/packages/f4/7e/a72dd26f3b0f4f2bf1dd8923c85f7ceb43172af56d63c7383eb62b332364/pygments-2.20.0-py3-none-any.whl", hash = "sha256:81a9e26dd42fd28a23a2d169d86d7ac03b46e2f8b59ed4698fb4785f946d0176", size = 1231151, upload-time = "2026-03-29T13:29:30.038Z" },
]

[[package]]
name = "pyobjc-core"
version = "12.1"
source = { registry = "https://pypi.org/simple" }
sdist = { url = "https://files.pythonhosted.org/packages/b8/b6/d5612eb40be4fd5ef88c259339e6313f46ba67577a95d86c3470b951fce0/pyobjc_core-12.1.tar.gz", hash = "sha256:2bb3903f5387f72422145e1466b3ac3f7f0ef2e9960afa9bcd8961c5cbf8bd21", size = 1000532, upload-time = "2025-11-14T10:08:28.292Z" }
wheels = [
    { url = "https://files.pythonhosted.org/packages/25/98/9f4ed07162de69603144ff480be35cd021808faa7f730d082b92f7ebf2b5/pyobjc_core-12.1-cp314-cp314-macosx_10_15_universal2.whl", hash = "sha256:844515f5d86395b979d02152576e7dee9cc679acc0b32dc626ef5bda315eaa43", size = 670164, upload-time = "2025-11-14T09:34:37.458Z" },
    { url = "https://files.pythonhosted.org/packages/62/50/dc076965c96c7f0de25c0a32b7f8aa98133ed244deaeeacfc758783f1f30/pyobjc_core-12.1-cp314-cp314t-macosx_10_15_universal2.whl", hash = "sha256:453b191df1a4b80e756445b935491b974714456ae2cbae816840bd96f86db882", size = 712204, upload-time = "2025-11-14T09:35:24.148Z" },
]

[[package]]
name = "pyobjc-framework-cocoa"
version = "12.1"
source = { registry = "https://pypi.org/simple" }
dependencies = [
    { name = "pyobjc-core" },
]
sdist = { url = "https://files.pythonhosted.org/packages/02/a3/16ca9a15e77c061a9250afbae2eae26f2e1579eb8ca9462ae2d2c71e1169/pyobjc_framework_cocoa-12.1.tar.gz", hash = "sha256:5556c87db95711b985d5efdaaf01c917ddd41d148b1e52a0c66b1a2e2c5c1640", size = 2772191, upload-time = "2025-11-14T10:13:02.069Z" }
wheels = [
    { url = "https://files.pythonhosted.org/packages/59/bb/f777cc9e775fc7dae77b569254570fe46eb842516b3e4fe383ab49eab598/pyobjc_framework_cocoa-12.1-cp314-cp314-macosx_10_15_universal2.whl", hash = "sha256:03342a60fc0015bcdf9b93ac0b4f457d3938e9ef761b28df9564c91a14f0129a", size = 384932, upload-time = "2025-11-14T09:42:29.771Z" },
    { url = "https://files.pythonhosted.org/packages/58/27/b457b7b37089cad692c8aada90119162dfb4c4a16f513b79a8b2b022b33b/pyobjc_framework_cocoa-12.1-cp314-cp314t-macosx_10_15_universal2.whl", hash = "sha256:6ba1dc1bfa4da42d04e93d2363491275fb2e2be5c20790e561c8a9e09b8cf2cc", size = 388970, upload-time = "2025-11-14T09:42:53.964Z" },
]

[[package]]
name = "rich"
version = "15.0.0"
source = { registry = "https://pypi.org/simple" }
dependencies = [
    { name = "markdown-it-py" },
    { name = "pygments" },
]
sdist = { url = "https://files.pythonhosted.org/packages/c0/8f/0722ca900cc807c13a6a0c696dacf35430f72e0ec571c4275d2371fca3e9/rich-15.0.0.tar.gz", hash = "sha256:edd07a4824c6b40189fb7ac9bc4c52536e9780fbbfbddf6f1e2502c31b068c36", size = 230680, upload-time = "2026-04-12T08:24:00.75Z" }
wheels = [
    { url = "https://files.pythonhosted.org/packages/82/3b/64d4899d73f91ba49a8c18a8ff3f0ea8f1c1d75481760df8c68ef5235bf5/rich-15.0.0-py3-none-any.whl", hash = "sha256:33bd4ef74232fb73fe9279a257718407f169c09b78a87ad3d296f548e27de0bb", size = 310654, upload-time = "2026-04-12T08:24:02.83Z" },
]

[[package]]
name = "rumps"
version = "0.4.0"
source = { registry = "https://pypi.org/simple" }
dependencies = [
    { name = "pyobjc-framework-cocoa" },
]
sdist = { url = "https://files.pythonhosted.org/packages/b2/e2/2e6a47951290bd1a2831dcc50aec4b25d104c0cf00e8b7868cbd29cf3bfe/rumps-0.4.0.tar.gz", hash = "sha256:17fb33c21b54b1e25db0d71d1d793dc19dc3c0b7d8c79dc6d833d0cffc8b1596", size = 39257, upload-time = "2022-10-15T05:15:10.386Z" }

[[package]]
name = "watchfiles"
version = "1.2.0"
source = { registry = "https://pypi.org/simple" }
dependencies = [
    { name = "anyio" },
]
sdist = { url = "https://files.pythonhosted.org/packages/cd/41/5e1a4bb12aac5f1493fa1bdc11154eca3b258ca4eba65d39c473fe19d8e9/watchfiles-1.2.0.tar.gz", hash = "sha256:c995fba777f1ea992f090f9236e9284cf7a5d1a0130dd5a3d82c598cacd76838", size = 108252, upload-time = "2026-05-18T04:32:04.251Z" }
wheels = [
    { url = "https://files.pythonhosted.org/packages/e7/54/a9c7ea9a82a4ac65e7004c0a03920b5cdd2f9c3b678757d9cd425aa51d53/watchfiles-1.2.0-cp314-cp314-macosx_10_12_x86_64.whl", hash = "sha256:b8c8358484d5fa12ef34f05b7f4168eaf1932f408725ff6d023c33ec17bd79d4", size = 400205, upload-time = "2026-05-18T04:32:05.153Z" },
    { url = "https://files.pythonhosted.org/packages/aa/5d/c9ab3534374a4a67450696905d6ef16a04405448b8dc52bd752ae50423d4/watchfiles-1.2.0-cp314-cp314-macosx_11_0_arm64.whl", hash = "sha256:9f04b092229ad2c50126dd3c922c8822e51e605993764a33058d4a791ab42281", size = 392508, upload-time = "2026-05-18T04:30:54.849Z" },
    { url = "https://files.pythonhosted.org/packages/26/ca/1ad30103535cf0cecd7b993e8d50edc5351b1820e38f2d22e3df58962feb/watchfiles-1.2.0-cp314-cp314-manylinux_2_17_aarch64.manylinux2014_aarch64.whl", hash = "sha256:7a7ce236284f002a156f70add88efe5c70879cccbb658be0822c54b1306fc09d", size = 452448, upload-time = "2026-05-18T04:30:53.727Z" },
    { url = "https://files.pythonhosted.org/packages/37/a1/ceee2cdf2afbd715fa07758d39c9859513eae411b23196f7fd039e5feedd/watchfiles-1.2.0-cp314-cp314-manylinux_2_17_armv7l.manylinux2014_armv7l.whl", hash = "sha256:b9909cc2b48468b575eefa944919e1fe8a36c5849d5c7c168f80a8c1db69398e", size = 459605, upload-time = "2026-05-18T04:30:23.312Z" },
    { url = "https://files.pythonhosted.org/packages/e8/f6/421e30fd1cb3907a84ed92ab3f1983e37ba2dca015e9a894a048418417a2/watchfiles-1.2.0-cp314-cp314-manylinux_2_17_i686.manylinux2014_i686.whl", hash = "sha256:0a37faaed405c67e28e6be45a1fa4f206ef5a2860f27c237db9fa30704c38242", size = 490757, upload-time = "2026-05-18T04:30:47.358Z" },
    { url = "https://files.pythonhosted.org/packages/41/b0/55ed1b97ed08be7bba6f9a541cac15f2a858e1d74d2b07b6da70a82aab00/watchfiles-1.2.0-cp314-cp314-manylinux_2_17_ppc64le.manylinux2014_ppc64le.whl", hash = "sha256:9649193aa27bd9ff2e80ff29bfaa93085496c7a3a377592823cc58b77ee88add", size = 568672, upload-time = "2026-05-18T04:30:38.915Z" },
    { url = "https://files.pythonhosted.org/packages/d1/cf/d8ae8a80dd7bafab395ea7681c10237311bbf34d37704a8c744e7cf31fc7/watchfiles-1.2.0-cp314-cp314-manylinux_2_17_s390x.manylinux2014_s390x.whl", hash = "sha256:4e4ff8e37f99cf1da89e255e07c9c4b37c214038c4283707bdec308cb1b0ea1f", size = 464197, upload-time = "2026-05-18T04:30:09.914Z" },
    { url = "https://files.pythonhosted.org/packages/7c/8a/3076c496ca8dafe0e8cd03fcebdfc47be4b1174b4e5b24ff6e396e6b3af2/watchfiles-1.2.0-cp314-cp314-manylinux_2_17_x86_64.manylinux2014_x86_64.whl", hash = "sha256:054dc20fd2e3132b4c3883b4a00d72fd6e1f56fdaf89fccd12e8057d74cd74d7", size = 453181, upload-time = "2026-05-18T04:30:14.829Z" },
    { url = "https://files.pythonhosted.org/packages/e5/10/9745e17c98e7b8a86454df0a3c7b5686bd650383f1e9f26e4ebcbd6cc0c0/watchfiles-1.2.0-cp314-cp314-manylinux_2_31_riscv64.whl", hash = "sha256:e140ed30ebde76796b686e67c182cff10ea2fbab186fafd1560f74bb5a473a6e", size = 465109, upload-time = "2026-05-18T04:30:28.123Z" },
    { url = "https://files.pythonhosted.org/packages/8f/95/8ef4a95481d3e0cb52d62a06fa6e972e81424be2d9698b91a2fecca9904c/watchfiles-1.2.0-cp314-cp314-musllinux_1_1_aarch64.whl", hash = "sha256:bb7e52ecf68ba46d22df23467b87cffeb2146908aa523ebfe803019618cfda06", size = 630653, upload-time = "2026-05-18T04:31:49.304Z" },
    { url = "https://files.pythonhosted.org/packages/fd/e4/3b3bf36b0f829b50c6ebcb8d031583863c59f923d6a6af3d485e470d0fac/watchfiles-1.2.0-cp314-cp314-musllinux_1_1_x86_64.whl", hash = "sha256:23282a321c8baf9b3a3c4afff673f9fe65eb7fdc2338d765ccad9d3d1916a5ba", size = 657838, upload-time = "2026-05-18T04:31:06.497Z" },
    { url = "https://files.pythonhosted.org/packages/21/b1/6cbbb50c1f3002ab568777d44aa21206dfb8807a840990c4037523b51812/watchfiles-1.2.0-cp314-cp314-win32.whl", hash = "sha256:c0db965c5f79aa49fe672d297cf1febc5ad149b658594944f49a54a2b96270a7", size = 275108, upload-time = "2026-05-18T04:30:06.891Z" },
    { url = "https://files.pythonhosted.org/packages/92/45/190ce6db8dcb4536682cf75d3889ff1a27182a58cb519d343cb6d9ea63d8/watchfiles-1.2.0-cp314-cp314-win_amd64.whl", hash = "sha256:71283b39fd17e5408eb123bd37aeecfd9d54c81fc184421943208aadb879d103", size = 288441, upload-time = "2026-05-18T04:32:12.901Z" },
    { url = "https://files.pythonhosted.org/packages/74/0d/3eae1c2313ab08378431d907c3f8095ecca00f3eda33111cf4f0f2591799/watchfiles-1.2.0-cp314-cp314-win_arm64.whl", hash = "sha256:c5c19526f4e54a00f2666a6c0e9e40d582c09e865055ea7378bf0009aab857b3", size = 280684, upload-time = "2026-05-18T04:31:26.902Z" },
    { url = "https://files.pythonhosted.org/packages/b1/75/fb64e6c25d6b5ca636d03df34ffb1c6e9873303e76d27967e045f8df088f/watchfiles-1.2.0-cp314-cp314t-macosx_10_12_x86_64.whl", hash = "sha256:d73a585accffa5ae39c17264c36ec3166d2fad7000c780f5ef83b2722afb9dd2", size = 398857, upload-time = "2026-05-18T04:32:17.108Z" },
    { url = "https://files.pythonhosted.org/packages/73/4e/9f7adf01754cbf81843722ccfec169d8f26c69778281a302855cecd2ee08/watchfiles-1.2.0-cp314-cp314t-macosx_11_0_arm64.whl", hash = "sha256:ae99b14c5f21e026e0e9d96f40e07d8570ebee6cafd9d8fc318354606daa7a28", size = 392413, upload-time = "2026-05-18T04:31:07.911Z" },
    { url = "https://files.pythonhosted.org/packages/47/c8/bec626bcc2d69f44b9acb24ce7d60ed7b16b73628eea747fcbd169d8edda/watchfiles-1.2.0-cp314-cp314t-manylinux_2_17_aarch64.manylinux2014_aarch64.whl", hash = "sha256:4429f3b105524a10b72c3a819b091c495d2811d419c1e1e8df773a5a5974f831", size = 452409, upload-time = "2026-05-18T04:31:20.142Z" },
    { url = "https://files.pythonhosted.org/packages/00/b7/b6362068e81e7c556d155a34c35d40ac3ef42d747b06d7f6e5bf58e359c2/watchfiles-1.2.0-cp314-cp314t-manylinux_2_17_armv7l.manylinux2014_armv7l.whl", hash = "sha256:43d818978d06062d9b22c4fab2ebe44cf5213d42dc8e62bda8c2760cfa2eeb33", size = 458827, upload-time = "2026-05-18T04:32:06.219Z" },
    { url = "https://files.pythonhosted.org/packages/67/f8/9a813fa42afb1e0b4625e75f0479826644d3ee8dc287e093799bc01f390c/watchfiles-1.2.0-cp314-cp314t-manylinux_2_17_i686.manylinux2014_i686.whl", hash = "sha256:b9f732dc58b2dbe69e464ccf8fff7a03b0dd0be439da4c0720d3558527d3d6b4", size = 490104, upload-time = "2026-05-18T04:31:56.034Z" },
    { url = "https://files.pythonhosted.org/packages/2f/bf/27dfb6094ca4c9aad21298b5525b6c53cb36121ee454331d05161e58d130/watchfiles-1.2.0-cp314-cp314t-manylinux_2_17_ppc64le.manylinux2014_ppc64le.whl", hash = "sha256:8f200104103feb097de4cab8fe4f5dd18a2026934c7dea98c55a2f5fd6d5a33b", size = 571360, upload-time = "2026-05-18T04:31:57.133Z" },
    { url = "https://files.pythonhosted.org/packages/fb/39/44a096d67270ea93df91d33877dbe91fbda3aa4f8ec2edf799d93eda8736/watchfiles-1.2.0-cp314-cp314t-manylinux_2_17_s390x.manylinux2014_s390x.whl", hash = "sha256:63ac26eefbf4af1741247d6fb68b11c49a25b2f7413fbd318a83a12aaa9cf666", size = 464644, upload-time = "2026-05-18T04:30:57.33Z" },
    { url = "https://files.pythonhosted.org/packages/0e/80/c7472203bad6268e3ef1ad260739704847898938ad7ea8b63a5131f46b50/watchfiles-1.2.0-cp314-cp314t-manylinux_2_17_x86_64.manylinux2014_x86_64.whl", hash = "sha256:0c4997d4e4a55f0d02b6cde327322daf3a0400e5df6c6b15948994bf72497925", size = 454771, upload-time = "2026-05-18T04:30:48.736Z" },
    { url = "https://files.pythonhosted.org/packages/51/cf/3b10b268b4b7f0fc26e9debb5eef1998b515887840f444cd3ec80c688755/watchfiles-1.2.0-cp314-cp314t-manylinux_2_31_riscv64.whl", hash = "sha256:4c887eba18b7945ac73067a8b4a66f21cd46c2539b2bc68588f7be6c7eb6d26b", size = 463494, upload-time = "2026-05-18T04:31:33.826Z" },
    { url = "https://files.pythonhosted.org/packages/3d/3e/a4302545cd589262a0dc7d140e86f7688eba3f9c72776c27f7e23b8864c4/watchfiles-1.2.0-cp314-cp314t-musllinux_1_1_aarch64.whl", hash = "sha256:3416ff151bb6b5a8d8d11664974fbef4d9305b9b2957839ab5a270468fd8df30", size = 629383, upload-time = "2026-05-18T04:31:15.596Z" },
    { url = "https://files.pythonhosted.org/packages/db/99/d5649df0a9a410d45b7c882304d0b790903ac9b6e8f2cfd12114e0c6b9f2/watchfiles-1.2.0-cp314-cp314t-musllinux_1_1_x86_64.whl", hash = "sha256:0e831a271c035d89789cffc386b6aa1375f39f1cd25eb7ca0997e4970d152fc5", size = 656093, upload-time = "2026-05-18T04:31:58.707Z" },
    { url = "https://files.pythonhosted.org/packages/92/b9/362702539275019a54dd2e94511b31a9b89c5f9e6a21966de7eb692549fc/watchfiles-1.2.0-cp315-cp315-macosx_10_12_x86_64.whl", hash = "sha256:37a6721cdf3f65dbb13aa9503510ccb4451603ac837e44d265d7992a597e1374", size = 400109, upload-time = "2026-05-18T04:31:16.879Z" },
    { url = "https://files.pythonhosted.org/packages/8f/75/71d5ba62db781e5587bded1d944c675374bc4aa37ff33d5018d98e8b6538/watchfiles-1.2.0-cp315-cp315-macosx_11_0_arm64.whl", hash = "sha256:2b37d10b5a63bd4d87e18472d80fa525bd670586fae62e5dd580452764879b65", size = 392167, upload-time = "2026-05-18T04:31:28.058Z" },
    { url = "https://files.pythonhosted.org/packages/3c/01/c66dd95d0423fe30d31820e2d1d5bda773764131bbb6ac0cb1cf303ac328/watchfiles-1.2.0-cp315-cp315-manylinux_2_17_aarch64.manylinux2014_aarch64.whl", hash = "sha256:0a105bc2283f67e8fbec74253ec2d94925de92ed72c0393f1206bf326b7b7b69", size = 452372, upload-time = "2026-05-18T04:31:00.836Z" },
    { url = "https://files.pythonhosted.org/packages/91/15/2fe99557e72f85627c6a8eed50d889e8d101623e060a22ad75b875cb932d/watchfiles-1.2.0-cp315-cp315-manylinux_2_17_armv7l.manylinux2014_armv7l.whl", hash = "sha256:5327989a465505f05cfe06f04fa9d0c2fd5432bb243e10e6f012b1bdca3c8579", size = 459596, upload-time = "2026-05-18T04:31:34.96Z" },
    { url = "https://files.pythonhosted.org/packages/ed/23/d4acfa0023367428ed48351b3b9b267893037b6cadae55620c61c24bcfd4/watchfiles-1.2.0-cp315-cp315-manylinux_2_17_i686.manylinux2014_i686.whl", hash = "sha256:ecb47f183a8025b2aa18b546725c3657e542112ae9c0613a2af79b4fa8d04ad7", size = 490869, upload-time = "2026-05-18T04:31:59.923Z" },
    { url = "https://files.pythonhosted.org/packages/a4/5f/3164cbdce06c9fb95c4f7b9e2f9760b5e2797af43a9ecc317ef42a23a278/watchfiles-1.2.0-cp315-cp315-manylinux_2_17_ppc64le.manylinux2014_ppc64le.whl", hash = "sha256:8520a4ab0e37f770afc34459c4f8f7019e153f9124dc101c15538365875d1ab2", size = 571641, upload-time = "2026-05-18T04:32:00.948Z" },
    { url = "https://files.pythonhosted.org/packages/41/e6/85d3731c55e65cd7690f3f803d24c139588aaf863e4bf2148fe7a7fa1a19/watchfiles-1.2.0-cp315-cp315-manylinux_2_17_s390x.manylinux2014_s390x.whl", hash = "sha256:71cd71740ed2c15211ebb237ced4e39a1cdf6f80566e5fe95428da1626f4fde6", size = 464444, upload-time = "2026-05-18T04:30:34.298Z" },
    { url = "https://files.pythonhosted.org/packages/f4/7d/562641012b8b09872742c3b8adf9629ec479fd78f8d68ae4a0c13da8add6/watchfiles-1.2.0-cp315-cp315-manylinux_2_17_x86_64.manylinux2014_x86_64.whl", hash = "sha256:f88af53d6ddaf72179ef613ddc905e6f4785f712b49b80b3bef9f3525e6194b4", size = 453593, upload-time = "2026-05-18T04:31:23.464Z" },
    { url = "https://files.pythonhosted.org/packages/56/fe/cb8ef3d6f929d14158fdaaad9925985b7310abc9384dcd4d82dd0016fb59/watchfiles-1.2.0-cp315-cp315-manylinux_2_31_riscv64.whl", hash = "sha256:cee9d5efd929efdac5f7e58f72b3376f676b64050a91c5b99a7094c5b2317488", size = 465096, upload-time = "2026-05-18T04:31:30.384Z" },
    { url = "https://files.pythonhosted.org/packages/25/91/80908e835e100527a9267147b08c0eee1fa6ab0ffec15edc04d1d44885f7/watchfiles-1.2.0-cp315-cp315-musllinux_1_1_aarch64.whl", hash = "sha256:b718bf356bbc15e559bd8ef41782b573b8ae0e3f177ab244b440568d7ea02cfb", size = 630638, upload-time = "2026-05-18T04:30:49.89Z" },
    { url = "https://files.pythonhosted.org/packages/46/4b/95ab2f256bb4af3cb2eb23b9317bda984ee6e0f11733a5c004a6c95b06e3/watchfiles-1.2.0-cp315-cp315-musllinux_1_1_x86_64.whl", hash = "sha256:922c0e019fe68b3ae392965a766b02a71ba1168c932cebc3733cd52c5fe5b377", size = 657684, upload-time = "2026-05-18T04:31:32.027Z" },
]
